// !$*UTF8*$!
{
	archiveVersion = 1;
	classes = {
	};
	objectVersion = 50;
	objects = {

/* Begin PBXBuildFile section */
		D563BB81261EB750003F8B6F /* monitorStoryboard.storyboard in Resources */ = {isa = PBXBuildFile; fileRef = D563BB80261EB750003F8B6F /* monitorStoryboard.storyboard */; };
		D5CC77BC261EB23400726CC5 /* AppDelegate.swift in Sources */ = {isa = PBXBuildFile; fileRef = D5CC77BB261EB23400726CC5 /* AppDelegate.swift */; };
		D5CC77BE261EB23400726CC5 /* SceneDelegate.swift in Sources */ = {isa = PBXBuildFile; fileRef = D5CC77BD261EB23400726CC5 /* SceneDelegate.swift */; };
		D5CC77C0261EB23400726CC5 /* ViewController.swift in Sources */ = {isa = PBXBuildFile; fileRef = D5CC77BF261EB23400726CC5 /* ViewController.swift */; };
		D5CC77C3261EB23400726CC5 /* Main.storyboard in Resources */ = {isa = PBXBuildFile; fileRef = D5CC77C1261EB23400726CC5 /* Main.storyboard */; };
		D5CC77C5261EB23400726CC5 /* Assets.xcassets in Resources */ = {isa = PBXBuildFile; fileRef = D5CC77C4261EB23400726CC5 /* Assets.xcassets */; };
		D5CC77C8261EB23400726CC5 /* LaunchScreen.storyboard in Resources */ = {isa = PBXBuildFile; fileRef = D5CC77C6261EB23400726CC5 /* LaunchScreen.storyboard */; };
		D5CC77D3261EB23500726CC5 /* nyp2021prototypeTests.swift in Sources */ = {isa = PBXBuildFile; fileRef = D5CC77D2261EB23500726CC5 /* nyp2021prototypeTests.swift */; };
		D5CC77DE261EB23500726CC5 /* nyp2021prototypeUITests.swift in Sources */ = {isa = PBXBuildFile; fileRef = D5CC77DD261EB23500726CC5 /* nyp2021prototypeUITests.swift */; };
/* End PBXBuildFile section */

/* Begin PBXContainerItemProxy section */
		D5CC77CF261EB23500726CC5 /* PBXContainerItemProxy */ = {
			isa = PBXContainerItemProxy;
			containerPortal = D5CC77B0261EB23400726CC5 /* Project object */;
			proxyType = 1;
			remoteGlobalIDString = D5CC77B7261EB23400726CC5;
			remoteInfo = nyp2021prototype;
		};
		D5CC77DA261EB23500726CC5 /* PBXContainerItemProxy */ = {
			isa = PBXContainerItemProxy;
			containerPortal = D5CC77B0261EB23400726CC5 /* Project object */;
			proxyType = 1;
			remoteGlobalIDString = D5CC77B7261EB23400726CC5;
			remoteInfo = nyp2021prototype;
		};
/* End PBXContainerItemProxy section */

/* Begin PBXFileReference section */
		D563BB80261EB750003F8B6F /* monitorStoryboard.storyboard */ = {isa = PBXFileReference; lastKnownFileType = file.storyboard; path = monitorStoryboard.storyboard; sourceTree = "<group>"; };
		D5CC77B8261EB23400726CC5 /* nyp2021prototype.app */ = {isa = PBXFileReference; explicitFileType = wrapper.application; includeInIndex = 0; path = nyp2021prototype.app; sourceTree = BUILT_PRODUCTS_DIR; };
		D5CC77BB261EB23400726CC5 /* AppDelegate.swift */ = {isa = PBXFileReference; lastKnownFileType = sourcecode.swift; path = AppDelegate.swift; sourceTree = "<group>"; };
		D5CC77BD261EB23400726CC5 /* SceneDelegate.swift */ = {isa = PBXFileReference; lastKnownFileType = sourcecode.swift; path = SceneDelegate.swift; sourceTree = "<group>"; };
		D5CC77BF261EB23400726CC5 /* ViewController.swift */ = {isa = PBXFileReference; lastKnownFileType = sourcecode.swift; path = ViewController.swift; sourceTree = "<group>"; };
		D5CC77C2261EB23400726CC5 /* Base */ = {isa = PBXFileReference; lastKnownFileType = file.storyboard; name = Base; path = Base.lproj/Main.storyboard; sourceTree = "<group>"; };
		D5CC77C4261EB23400726CC5 /* Assets.xcassets */ = {isa = PBXFileReference; lastKnownFileType = folder.assetcatalog; path = Assets.xcassets; sourceTree = "<group>"; };
		D5CC77C7261EB23400726CC5 /* Base */ = {isa = PBXFileReference; lastKnownFileType = file.storyboard; name = Base; path = Base.lproj/LaunchScreen.storyboard; sourceTree = "<group>"; };
		D5CC77C9261EB23400726CC5 /* Info.plist */ = {isa = PBXFileReference; lastKnownFileType = text.plist.xml; path = Info.plist; sourceTree = "<group>"; };
		D5CC77CE261EB23500726CC5 /* nyp2021prototypeTests.xctest */ = {isa = PBXFileReference; explicitFileType = wrapper.cfbundle; includeInIndex = 0; path = nyp2021prototypeTests.xctest; sourceTree = BUILT_PRODUCTS_DIR; };
		D5CC77D2261EB23500726CC5 /* nyp2021prototypeTests.swift */ = {isa = PBXFileReference; lastKnownFileType = sourcecode.swift; path = nyp2021prototypeTests.swift; sourceTree = "<group>"; };
		D5CC77D4261EB23500726CC5 /* Info.plist */ = {isa = PBXFileReference; lastKnownFileType = text.plist.xml; path = Info.plist; sourceTree = "<group>"; };
		D5CC77D9261EB23500726CC5 /* nyp2021prototypeUITests.xctest */ = {isa = PBXFileReference; explicitFileType = wrapper.cfbundle; includeInIndex = 0; path = nyp2021prototypeUITests.xctest; sourceTree = BUILT_PRODUCTS_DIR; };
		D5CC77DD261EB23500726CC5 /* nyp2021prototypeUITests.swift */ = {isa = PBXFileReference; lastKnownFileType = sourcecode.swift; path = nyp2021prototypeUITests.swift; sourceTree = "<group>"; };
		D5CC77DF261EB23500726CC5 /* Info.plist */ = {isa = PBXFileReference; lastKnownFileType = text.plist.xml; path = Info.plist; sourceTree = "<group>"; };
/* End PBXFileReference section */

/* Begin PBXFrameworksBuildPhase section */
		D5CC77B5261EB23400726CC5 /* Frameworks */ = {
			isa = PBXFrameworksBuildPhase;
			buildActionMask = 2147483647;
			files = (
			);
			runOnlyForDeploymentPostprocessing = 0;
		};
		D5CC77CB261EB23500726CC5 /* Frameworks */ = {
			isa = PBXFrameworksBuildPhase;
			buildActionMask = 2147483647;
			files = (
			);
			runOnlyForDeploymentPostprocessing = 0;
		};
		D5CC77D6261EB23500726CC5 /* Frameworks */ = {
			isa = PBXFrameworksBuildPhase;
			buildActionMask = 2147483647;
			files = (
			);
			runOnlyForDeploymentPostprocessing = 0;
		};
/* End PBXFrameworksBuildPhase section */

/* Begin PBXGroup section */
		D5CC77AF261EB23400726CC5 = {
			isa = PBXGroup;
			children = (
				D563BB80261EB750003F8B6F /* monitorStoryboard.storyboard */,
				D5CC77BA261EB23400726CC5 /* nyp2021prototype */,
				D5CC77D1261EB23500726CC5 /* nyp2021prototypeTests */,
				D5CC77DC261EB23500726CC5 /* nyp2021prototypeUITests */,
				D5CC77B9261EB23400726CC5 /* Products */,
			);
			sourceTree = "<group>";
		};
		D5CC77B9261EB23400726CC5 /* Products */ = {
			isa = PBXGroup;
			children = (
				D5CC77B8261EB23400726CC5 /* nyp2021prototype.app */,
				D5CC77CE261EB23500726CC5 /* nyp2021prototypeTests.xctest */,
				D5CC77D9261EB23500726CC5 /* nyp2021prototypeUITests.xctest */,
			);
			name = Products;
			sourceTree = "<group>";
		};
		D5CC77BA261EB23400726CC5 /* nyp2021prototype */ = {
			isa = PBXGroup;
			children = (
				D5CC77BB261EB23400726CC5 /* AppDelegate.swift */,
				D5CC77BD261EB23400726CC5 /* SceneDelegate.swift */,
				D5CC77BF261EB23400726CC5 /* ViewController.swift */,
				D5CC77C1261EB23400726CC5 /* Main.storyboard */,
				D5CC77C4261EB23400726CC5 /* Assets.xcassets */,
				D5CC77C6261EB23400726CC5 /* LaunchScreen.storyboard */,
				D5CC77C9261EB23400726CC5 /* Info.plist */,
			);
			path = nyp2021prototype;
			sourceTree = "<group>";
		};
		D5CC77D1261EB23500726CC5 /* nyp2021prototypeTests */ = {
			isa = PBXGroup;
			children = (
				D5CC77D2261EB23500726CC5 /* nyp2021prototypeTests.swift */,
				D5CC77D4261EB23500726CC5 /* Info.plist */,
			);
			path = nyp2021prototypeTests;
			sourceTree = "<group>";
		};
		D5CC77DC261EB23500726CC5 /* nyp2021prototypeUITests */ = {
			isa = PBXGroup;
			children = (
				D5CC77DD261EB23500726CC5 /* nyp2021prototypeUITests.swift */,
				D5CC77DF261EB23500726CC5 /* Info.plist */,
			);
			path = nyp2021prototypeUITests;
			sourceTree = "<group>";
		};
/* End PBXGroup section */

/* Begin PBXNativeTarget section */
		D5CC77B7261EB23400726CC5 /* nyp2021prototype */ = {
			isa = PBXNativeTarget;
			buildConfigurationList = D5CC77E2261EB23500726CC5 /* Build configuration list for PBXNativeTarget "nyp2021prototype" */;
			buildPhases = (
				D5CC77B4261EB23400726CC5 /* Sources */,
				D5CC77B5261EB23400726CC5 /* Frameworks */,
				D5CC77B6261EB23400726CC5 /* Resources */,
			);
			buildRules = (
			);
			dependencies = (
			);
			name = nyp2021prototype;
			productName = nyp2021prototype;
			productReference = D5CC77B8261EB23400726CC5 /* nyp2021prototype.app */;
			productType = "com.apple.product-type.application";
		};
		D5CC77CD261EB23500726CC5 /* nyp2021prototypeTests */ = {
			isa = PBXNativeTarget;
			buildConfigurationList = D5CC77E5261EB23500726CC5 /* Build configuration list for PBXNativeTarget "nyp2021prototypeTests" */;
			buildPhases = (
				D5CC77CA261EB23500726CC5 /* Sources */,
				D5CC77CB261EB23500726CC5 /* Frameworks */,
				D5CC77CC261EB23500726CC5 /* Resources */,
			);
			buildRules = (
			);
			dependencies = (
				D5CC77D0261EB23500726CC5 /* PBXTargetDependency */,
			);
			name = nyp2021prototypeTests;
			productName = nyp2021prototypeTests;
			productReference = D5CC77CE261EB23500726CC5 /* nyp2021prototypeTests.xctest */;
			productType = "com.apple.product-type.bundle.unit-test";
		};
		D5CC77D8261EB23500726CC5 /* nyp2021prototypeUITests */ = {
			isa = PBXNativeTarget;
			buildConfigurationList = D5CC77E8261EB23500726CC5 /* Build configuration list for PBXNativeTarget "nyp2021prototypeUITests" */;
			buildPhases = (
				D5CC77D5261EB23500726CC5 /* Sources */,
				D5CC77D6261EB23500726CC5 /* Frameworks */,
				D5CC77D7261EB23500726CC5 /* Resources */,
			);
			buildRules = (
			);
			dependencies = (
				D5CC77DB261EB23500726CC5 /* PBXTargetDependency */,
			);
			name = nyp2021prototypeUITests;
			productName = nyp2021prototypeUITests;
			productReference = D5CC77D9261EB23500726CC5 /* nyp2021prototypeUITests.xctest */;
			productType = "com.apple.product-type.bundle.ui-testing";
		};
/* End PBXNativeTarget section */

/* Begin PBXProject section */
		D5CC77B0261EB23400726CC5 /* Project object */ = {
			isa = PBXProject;
			attributes = {
				LastSwiftUpdateCheck = 1240;
				LastUpgradeCheck = 1240;
				TargetAttributes = {
					D5CC77B7261EB23400726CC5 = {
						CreatedOnToolsVersion = 12.4;
					};
					D5CC77CD261EB23500726CC5 = {
						CreatedOnToolsVersion = 12.4;
						TestTargetID = D5CC77B7261EB23400726CC5;
					};
					D5CC77D8261EB23500726CC5 = {
						CreatedOnToolsVersion = 12.4;
						TestTargetID = D5CC77B7261EB23400726CC5;
					};
				};
			};
			buildConfigurationList = D5CC77B3261EB23400726CC5 /* Build configuration list for PBXProject "nyp2021prototype" */;
			compatibilityVersion = "Xcode 9.3";
			developmentRegion = en;
			hasScannedForEncodings = 0;
			knownRegions = (
				en,
				Base,
			);
			mainGroup = D5CC77AF261EB23400726CC5;
			productRefGroup = D5CC77B9261EB23400726CC5 /* Products */;
			projectDirPath = "";
			projectRoot = "";
			targets = (
				D5CC77B7261EB23400726CC5 /* nyp2021prototype */,
				D5CC77CD261EB23500726CC5 /* nyp2021prototypeTests */,
				D5CC77D8261EB23500726CC5 /* nyp2021prototypeUITests */,
			);
		};
/* End PBXProject section */

/* Begin PBXResourcesBuildPhase section */
		D5CC77B6261EB23400726CC5 /* Resources */ = {
			isa = PBXResourcesBuildPhase;
			buildActionMask = 2147483647;
			files = (
				D563BB81261EB750003F8B6F /* monitorStoryboard.storyboard in Resources */,
				D5CC77C8261EB23400726CC5 /* LaunchScreen.storyboard in Resources */,
				D5CC77C5261EB23400726CC5 /* Assets.xcassets in Resources */,
				D5CC77C3261EB23400726CC5 /* Main.storyboard in Resources */,
			);
			runOnlyForDeploymentPostprocessing = 0;
		};
		D5CC77CC261EB23500726CC5 /* Resources */ = {
			isa = PBXResourcesBuildPhase;
			buildActionMask = 2147483647;
			files = (
			);
			runOnlyForDeploymentPostprocessing = 0;
		};
		D5CC77D7261EB23500726CC5 /* Resources */ = {
			isa = PBXResourcesBuildPhase;
			buildActionMask = 2147483647;
			files = (
			);
			runOnlyForDeploymentPostprocessing = 0;
		};
/* End PBXResourcesBuildPhase section */

/* Begin PBXSourcesBuildPhase section */
		D5CC77B4261EB23400726CC5 /* Sources */ = {
			isa = PBXSourcesBuildPhase;
			buildActionMask = 2147483647;
			files = (
				D5CC77C0261EB23400726CC5 /* ViewController.swift in Sources */,
				D5CC77BC261EB23400726CC5 /* AppDelegate.swift in Sources */,
				D5CC77BE261EB23400726CC5 /* SceneDelegate.swift in Sources */,
			);
			runOnlyForDeploymentPostprocessing = 0;
		};
		D5CC77CA261EB23500726CC5 /* Sources */ = {
			isa = PBXSourcesBuildPhase;
			buildActionMask = 2147483647;
			files = (
				D5CC77D3261EB23500726CC5 /* nyp2021prototypeTests.swift in Sources */,
			);
			runOnlyForDeploymentPostprocessing = 0;
		};
		D5CC77D5261EB23500726CC5 /* Sources */ = {
			isa = PBXSourcesBuildPhase;
			buildActionMask = 2147483647;
			files = (
				D5CC77DE261EB23500726CC5 /* nyp2021prototypeUITests.swift in Sources */,
			);
			runOnlyForDeploymentPostprocessing = 0;
		};
/* End PBXSourcesBuildPhase section */

/* Begin PBXTargetDependency section */
		D5CC77D0261EB23500726CC5 /* PBXTargetDependency */ = {
			isa = PBXTargetDependency;
			target = D5CC77B7261EB23400726CC5 /* nyp2021prototype */;
			targetProxy = D5CC77CF261EB23500726CC5 /* PBXContainerItemProxy */;
		};
		D5CC77DB261EB23500726CC5 /* PBXTargetDependency */ = {
			isa = PBXTargetDependency;
			target = D5CC77B7261EB23400726CC5 /* nyp2021prototype */;
			targetProxy = D5CC77DA261EB23500726CC5 /* PBXContainerItemProxy */;
		};
/* End PBXTargetDependency section */

/* Begin PBXVariantGroup section */
		D5CC77C1261EB23400726CC5 /* Main.storyboard */ = {
			isa = PBXVariantGroup;
			children = (
				D5CC77C2261EB23400726CC5 /* Base */,
			);
			name = Main.storyboard;
			sourceTree = "<group>";
		};
		D5CC77C6261EB23400726CC5 /* LaunchScreen.storyboard */ = {
			isa = PBXVariantGroup;
			children = (
				D5CC77C7261EB23400726CC5 /* Base */,
			);
			name = LaunchScreen.storyboard;
			sourceTree = "<group>";
		};
/* End PBXVariantGroup section */

/* Begin XCBuildConfiguration section */
		D5CC77E0261EB23500726CC5 /* Debug */ = {
			isa = XCBuildConfiguration;
			buildSettings = {
				ALWAYS_SEARCH_USER_PATHS = NO;
				CLANG_ANALYZER_NONNULL = YES;
				CLANG_ANALYZER_NUMBER_OBJECT_CONVERSION = YES_AGGRESSIVE;
				CLANG_CXX_LANGUAGE_STANDARD = "gnu++14";
				CLANG_CXX_LIBRARY = "libc++";
				CLANG_ENABLE_MODULES = YES;
				CLANG_ENABLE_OBJC_ARC = YES;
				CLANG_ENABLE_OBJC_WEAK = YES;
				CLANG_WARN_BLOCK_CAPTURE_AUTORELEASING = YES;
				CLANG_WARN_BOOL_CONVERSION = YES;
				CLANG_WARN_COMMA = YES;
				CLANG_WARN_CONSTANT_CONVERSION = YES;
				CLANG_WARN_DEPRECATED_OBJC_IMPLEMENTATIONS = YES;
				CLANG_WARN_DIRECT_OBJC_ISA_USAGE = YES_ERROR;
				CLANG_WARN_DOCUMENTATION_COMMENTS = YES;
				CLANG_WARN_EMPTY_BODY = YES;
				CLANG_WARN_ENUM_CONVERSION = YES;
				CLANG_WARN_INFINITE_RECURSION = YES;
				CLANG_WARN_INT_CONVERSION = YES;
				CLANG_WARN_NON_LITERAL_NULL_CONVERSION = YES;
				CLANG_WARN_OBJC_IMPLICIT_RETAIN_SELF = YES;
				CLANG_WARN_OBJC_LITERAL_CONVERSION = YES;
				CLANG_WARN_OBJC_ROOT_CLASS = YES_ERROR;
				CLANG_WARN_QUOTED_INCLUDE_IN_FRAMEWORK_HEADER = YES;
				CLANG_WARN_RANGE_LOOP_ANALYSIS = YES;
				CLANG_WARN_STRICT_PROTOTYPES = YES;
				CLANG_WARN_SUSPICIOUS_MOVE = YES;
				CLANG_WARN_UNGUARDED_AVAILABILITY = YES_AGGRESSIVE;
				CLANG_WARN_UNREACHABLE_CODE = YES;
				CLANG_WARN__DUPLICATE_METHOD_MATCH = YES;
				COPY_PHASE_STRIP = NO;
				DEBUG_INFORMATION_FORMAT = dwarf;
				ENABLE_STRICT_OBJC_MSGSEND = YES;
				ENABLE_TESTABILITY = YES;
				GCC_C_LANGUAGE_STANDARD = gnu11;
				GCC_DYNAMIC_NO_PIC = NO;
				GCC_NO_COMMON_BLOCKS = YES;
				GCC_OPTIMIZATION_LEVEL = 0;
				GCC_PREPROCESSOR_DEFINITIONS = (
					"DEBUG=1",
					"$(inherited)",
				);
				GCC_WARN_64_TO_32_BIT_CONVERSION = YES;
				GCC_WARN_ABOUT_RETURN_TYPE = YES_ERROR;
				GCC_WARN_UNDECLARED_SELECTOR = YES;
				GCC_WARN_UNINITIALIZED_AUTOS = YES_AGGRESSIVE;
				GCC_WARN_UNUSED_FUNCTION = YES;
				GCC_WARN_UNUSED_VARIABLE = YES;
				IPHONEOS_DEPLOYMENT_TARGET = 14.4;
				MTL_ENABLE_DEBUG_INFO = INCLUDE_SOURCE;
				MTL_FAST_MATH = YES;
				ONLY_ACTIVE_ARCH = YES;
				SDKROOT = iphoneos;
				SWIFT_ACTIVE_COMPILATION_CONDITIONS = DEBUG;
				SWIFT_OPTIMIZATION_LEVEL = "-Onone";
			};
			name = Debug;
		};
		D5CC77E1261EB23500726CC5 /* Release */ = {
			isa = XCBuildConfiguration;
			buildSettings = {
				ALWAYS_SEARCH_USER_PATHS = NO;
				CLANG_ANALYZER_NONNULL = YES;
				CLANG_ANALYZER_NUMBER_OBJECT_CONVERSION = YES_AGGRESSIVE;
				CLANG_CXX_LANGUAGE_STANDARD = "gnu++14";
				CLANG_CXX_LIBRARY = "libc++";
				CLANG_ENABLE_MODULES = YES;
				CLANG_ENABLE_OBJC_ARC = YES;
				CLANG_ENABLE_OBJC_WEAK = YES;
				CLANG_WARN_BLOCK_CAPTURE_AUTORELEASING = YES;
				CLANG_WARN_BOOL_CONVERSION = YES;
				CLANG_WARN_COMMA = YES;
				CLANG_WARN_CONSTANT_CONVERSION = YES;
				CLANG_WARN_DEPRECATED_OBJC_IMPLEMENTATIONS = YES;
				CLANG_WARN_DIRECT_OBJC_ISA_USAGE = YES_ERROR;
				CLANG_WARN_DOCUMENTATION_COMMENTS = YES;
				CLANG_WARN_EMPTY_BODY = YES;
				CLANG_WARN_ENUM_CONVERSION = YES;
				CLANG_WARN_INFINITE_RECURSION = YES;
				CLANG_WARN_INT_CONVERSION = YES;
				CLANG_WARN_NON_LITERAL_NULL_CONVERSION = YES;
				CLANG_WARN_OBJC_IMPLICIT_RETAIN_SELF = YES;
				CLANG_WARN_OBJC_LITERAL_CONVERSION = YES;
				CLANG_WARN_OBJC_ROOT_CLASS = YES_ERROR;
				CLANG_WARN_QUOTED_INCLUDE_IN_FRAMEWORK_HEADER = YES;
				CLANG_WARN_RANGE_LOOP_ANALYSIS = YES;
				CLANG_WARN_STRICT_PROTOTYPES = YES;
				CLANG_WARN_SUSPICIOUS_MOVE = YES;
				CLANG_WARN_UNGUARDED_AVAILABILITY = YES_AGGRESSIVE;
				CLANG_WARN_UNREACHABLE_CODE = YES;
				CLANG_WARN__DUPLICATE_METHOD_MATCH = YES;
				COPY_PHASE_STRIP = NO;
				DEBUG_INFORMATION_FORMAT = "dwarf-with-dsym";
				ENABLE_NS_ASSERTIONS = NO;
				ENABLE_STRICT_OBJC_MSGSEND = YES;
				GCC_C_LANGUAGE_STANDARD = gnu11;
				GCC_NO_COMMON_BLOCKS = YES;
				GCC_WARN_64_TO_32_BIT_CONVERSION = YES;
				GCC_WARN_ABOUT_RETURN_TYPE = YES_ERROR;
				GCC_WARN_UNDECLARED_SELECTOR = YES;
				GCC_WARN_UNINITIALIZED_AUTOS = YES_AGGRESSIVE;
				GCC_WARN_UNUSED_FUNCTION = YES;
				GCC_WARN_UNUSED_VARIABLE = YES;
				IPHONEOS_DEPLOYMENT_TARGET = 14.4;
				MTL_ENABLE_DEBUG_INFO = NO;
				MTL_FAST_MATH = YES;
				SDKROOT = iphoneos;
				SWIFT_COMPILATION_MODE = wholemodule;
				SWIFT_OPTIMIZATION_LEVEL = "-O";
				VALIDATE_PRODUCT = YES;
			};
			name = Release;
		};
		D5CC77E3261EB23500726CC5 /* Debug */ = {
			isa = XCBuildConfiguration;
			buildSettings = {
				ASSETCATALOG_COMPILER_APPICON_NAME = AppIcon;
				ASSETCATALOG_COMPILER_GLOBAL_ACCENT_COLOR_NAME = AccentColor;
				CODE_SIGN_STYLE = Automatic;
				DEVELOPMENT_TEAM = WQRT92UWMJ;
				INFOPLIST_FILE = nyp2021prototype/Info.plist;
				LD_RUNPATH_SEARCH_PATHS = (
					"$(inherited)",
					"@executable_path/Frameworks",
				);
				PRODUCT_BUNDLE_IDENTIFIER = Test.nyp2021prototype;
				PRODUCT_NAME = "$(TARGET_NAME)";
				SWIFT_VERSION = 5.0;
				TARGETED_DEVICE_FAMILY = "1,2";
			};
			name = Debug;
		};
		D5CC77E4261EB23500726CC5 /* Release */ = {
			isa = XCBuildConfiguration;
			buildSettings = {
				ASSETCATALOG_COMPILER_APPICON_NAME = AppIcon;
				ASSETCATALOG_COMPILER_GLOBAL_ACCENT_COLOR_NAME = AccentColor;
				CODE_SIGN_STYLE = Automatic;
				DEVELOPMENT_TEAM = WQRT92UWMJ;
				INFOPLIST_FILE = nyp2021prototype/Info.plist;
				LD_RUNPATH_SEARCH_PATHS = (
					"$(inherited)",
					"@executable_path/Frameworks",
				);
				PRODUCT_BUNDLE_IDENTIFIER = Test.nyp2021prototype;
				PRODUCT_NAME = "$(TARGET_NAME)";
				SWIFT_VERSION = 5.0;
				TARGETED_DEVICE_FAMILY = "1,2";
			};
			name = Release;
		};
		D5CC77E6261EB23500726CC5 /* Debug */ = {
			isa = XCBuildConfiguration;
			buildSettings = {
				ALWAYS_EMBED_SWIFT_STANDARD_LIBRARIES = YES;
				BUNDLE_LOADER = "$(TEST_HOST)";
				CODE_SIGN_STYLE = Automatic;
				DEVELOPMENT_TEAM = WQRT92UWMJ;
				INFOPLIST_FILE = nyp2021prototypeTests/Info.plist;
				IPHONEOS_DEPLOYMENT_TARGET = 14.4;
				LD_RUNPATH_SEARCH_PATHS = (
					"$(inherited)",
					"@executable_path/Frameworks",
					"@loader_path/Frameworks",
				);
				PRODUCT_BUNDLE_IDENTIFIER = Test.nyp2021prototypeTests;
				PRODUCT_NAME = "$(TARGET_NAME)";
				SWIFT_VERSION = 5.0;
				TARGETED_DEVICE_FAMILY = "1,2";
				TEST_HOST = "$(BUILT_PRODUCTS_DIR)/nyp2021prototype.app/nyp2021prototype";
			};
			name = Debug;
		};
		D5CC77E7261EB23500726CC5 /* Release */ = {
			isa = XCBuildConfiguration;
			buildSettings = {
				ALWAYS_EMBED_SWIFT_STANDARD_LIBRARIES = YES;
				BUNDLE_LOADER = "$(TEST_HOST)";
				CODE_SIGN_STYLE = Automatic;
				DEVELOPMENT_TEAM = WQRT92UWMJ;
				INFOPLIST_FILE = nyp2021prototypeTests/Info.plist;
				IPHONEOS_DEPLOYMENT_TARGET = 14.4;
				LD_RUNPATH_SEARCH_PATHS = (
					"$(inherited)",
					"@executable_path/Frameworks",
					"@loader_path/Frameworks",
				);
				PRODUCT_BUNDLE_IDENTIFIER = Test.nyp2021prototypeTests;
				PRODUCT_NAME = "$(TARGET_NAME)";
				SWIFT_VERSION = 5.0;
				TARGETED_DEVICE_FAMILY = "1,2";
				TEST_HOST = "$(BUILT_PRODUCTS_DIR)/nyp2021prototype.app/nyp2021prototype";
			};
			name = Release;
		};
		D5CC77E9261EB23500726CC5 /* Debug */ = {
			isa = XCBuildConfiguration;
			buildSettings = {
				ALWAYS_EMBED_SWIFT_STANDARD_LIBRARIES = YES;
				CODE_SIGN_STYLE = Automatic;
				DEVELOPMENT_TEAM = WQRT92UWMJ;
				INFOPLIST_FILE = nyp2021prototypeUITests/Info.plist;
				LD_RUNPATH_SEARCH_PATHS = (
					"$(inherited)",
					"@executable_path/Frameworks",
					"@loader_path/Frameworks",
				);
				PRODUCT_BUNDLE_IDENTIFIER = Test.nyp2021prototypeUITests;
				PRODUCT_NAME = "$(TARGET_NAME)";
				SWIFT_VERSION = 5.0;
				TARGETED_DEVICE_FAMILY = "1,2";
				TEST_TARGET_NAME = nyp2021prototype;
			};
			name = Debug;
		};
		D5CC77EA261EB23500726CC5 /* Release */ = {
			isa = XCBuildConfiguration;
			buildSettings = {
				ALWAYS_EMBED_SWIFT_STANDARD_LIBRARIES = YES;
				CODE_SIGN_STYLE = Automatic;
				DEVELOPMENT_TEAM = WQRT92UWMJ;
				INFOPLIST_FILE = nyp2021prototypeUITests/Info.plist;
				LD_RUNPATH_SEARCH_PATHS = (
					"$(inherited)",
					"@executable_path/Frameworks",
					"@loader_path/Frameworks",
				);
				PRODUCT_BUNDLE_IDENTIFIER = Test.nyp2021prototypeUITests;
				PRODUCT_NAME = "$(TARGET_NAME)";
				SWIFT_VERSION = 5.0;
				TARGETED_DEVICE_FAMILY = "1,2";
				TEST_TARGET_NAME = nyp2021prototype;
			};
			name = Release;
		};
/* End XCBuildConfiguration section */

/* Begin XCConfigurationList section */
		D5CC77B3261EB23400726CC5 /* Build configuration list for PBXProject "nyp2021prototype" */ = {
			isa = XCConfigurationList;
			buildConfigurations = (
				D5CC77E0261EB23500726CC5 /* Debug */,
				D5CC77E1261EB23500726CC5 /* Release */,
			);
			defaultConfigurationIsVisible = 0;
			defaultConfigurationName = Release;
		};
		D5CC77E2261EB23500726CC5 /* Build configuration list for PBXNativeTarget "nyp2021prototype" */ = {
			isa = XCConfigurationList;
			buildConfigurations = (
				D5CC77E3261EB23500726CC5 /* Debug */,
				D5CC77E4261EB23500726CC5 /* Release */,
			);
			defaultConfigurationIsVisible = 0;
			defaultConfigurationName = Release;
		};
		D5CC77E5261EB23500726CC5 /* Build configuration list for PBXNativeTarget "nyp2021prototypeTests" */ = {
			isa = XCConfigurationList;
			buildConfigurations = (
				D5CC77E6261EB23500726CC5 /* Debug */,
				D5CC77E7261EB23500726CC5 /* Release */,
			);
			defaultConfigurationIsVisible = 0;
			defaultConfigurationName = Release;
		};
		D5CC77E8261EB23500726CC5 /* Build configuration list for PBXNativeTarget "nyp2021prototypeUITests" */ = {
			isa = XCConfigurationList;
			buildConfigurations = (
				D5CC77E9261EB23500726CC5 /* Debug */,
				D5CC77EA261EB23500726CC5 /* Release */,
			);
			defaultConfigurationIsVisible = 0;
			defaultConfigurationName = Release;
		};
/* End XCConfigurationList section */
	};
	rootObject = D5CC77B0261EB23400726CC5 /* Project object */;
}
